
Microsoft Visual Studio Solution File, Format Version 12.00
# Visual Studio 2013
VisualStudioVersion = 12.0.31101.0
MinimumVisualStudioVersion = 10.0.40219.1
Project("{FAE04EC0-301F-11D3-BF4B-00C04F79EFBC}") = "simple", "simple\simple\simple.csproj", "{EE644A4C-8C7C-49BA-BAD9-016CDAB36C40}"
EndProject
Project("{FAE04EC0-301F-11D3-BF4B-00C04F79EFBC}") = "simple.iOS", "simple\simple.iOS\simple.iOS.csproj", "{6D38A8AF-9A22-435A-A72E-E26CCB0532AB}"
EndProject
Project("{FAE04EC0-301F-11D3-BF4B-00C04F79EFBC}") = "simple.Droid", "simple\simple.Droid\simple.Droid.csproj", "{478C5A42-ACAD-4C5A-8E44-A1BF94E7A844}"
EndProject
Project("{FAE04EC0-301F-11D3-BF4B-00C04F79EFBC}") = "simple.WinPhone", "simple\simple.WinPhone\simple.WinPhone.csproj", "{E1812E06-34F5-488A-AB80-D0B59119FED8}"
EndProject
Global
	GlobalSection(SolutionConfigurationPlatforms) = preSolution
		Ad-Hoc|Any CPU = Ad-Hoc|Any CPU
		Ad-Hoc|ARM = Ad-Hoc|ARM
		Ad-Hoc|iPhone = Ad-Hoc|iPhone
		Ad-Hoc|iPhoneSimulator = Ad-Hoc|iPhoneSimulator
		Ad-Hoc|Mixed Platforms = Ad-Hoc|Mixed Platforms
		Ad-Hoc|x64 = Ad-Hoc|x64
		Ad-Hoc|x86 = Ad-Hoc|x86
		AppStore|Any CPU = AppStore|Any CPU
		AppStore|ARM = AppStore|ARM
		AppStore|iPhone = AppStore|iPhone
		AppStore|iPhoneSimulator = AppStore|iPhoneSimulator
		AppStore|Mixed Platforms = AppStore|Mixed Platforms
		AppStore|x64 = AppStore|x64
		AppStore|x86 = AppStore|x86
		Debug|Any CPU = Debug|Any CPU
		Debug|ARM = Debug|ARM
		Debug|iPhone = Debug|iPhone
		Debug|iPhoneSimulator = Debug|iPhoneSimulator
		Debug|Mixed Platforms = Debug|Mixed Platforms
		Debug|x64 = Debug|x64
		Debug|x86 = Debug|x86
		Release|Any CPU = Release|Any CPU
		Release|ARM = Release|ARM
		Release|iPhone = Release|iPhone
		Release|iPhoneSimulator = Release|iPhoneSimulator
		Release|Mixed Platforms = Release|Mixed Platforms
		Release|x64 = Release|x64
		Release|x86 = Release|x86
	EndGlobalSection
	GlobalSection(ProjectConfigurationPlatforms) = postSolution
		{EE644A4C-8C7C-49BA-BAD9-016CDAB36C40}.Ad-Hoc|Any CPU.ActiveCfg = Release|Any CPU
		{EE644A4C-8C7C-49BA-BAD9-016CDAB36C40}.Ad-Hoc|Any CPU.Build.0 = Release|Any CPU
		{EE644A4C-8C7C-49BA-BAD9-016CDAB36C40}.Ad-Hoc|ARM.ActiveCfg = Release|Any CPU
		{EE644A4C-8C7C-49BA-BAD9-016CDAB36C40}.Ad-Hoc|iPhone.ActiveCfg = Release|Any CPU
		{EE644A4C-8C7C-49BA-BAD9-016CDAB36C40}.Ad-Hoc|iPhoneSimulator.ActiveCfg = Release|Any CPU
		{EE644A4C-8C7C-49BA-BAD9-016CDAB36C40}.Ad-Hoc|Mixed Platforms.ActiveCfg = Release|Any CPU
		{EE644A4C-8C7C-49BA-BAD9-016CDAB36C40}.Ad-Hoc|Mixed Platforms.Build.0 = Release|Any CPU
		{EE644A4C-8C7C-49BA-BAD9-016CDAB36C40}.Ad-Hoc|x64.ActiveCfg = Debug|Any CPU
		{EE644A4C-8C7C-49BA-BAD9-016CDAB36C40}.Ad-Hoc|x86.ActiveCfg = Release|Any CPU
		{EE644A4C-8C7C-49BA-BAD9-016CDAB36C40}.AppStore|Any CPU.ActiveCfg = Release|Any CPU
		{EE644A4C-8C7C-49BA-BAD9-016CDAB36C40}.AppStore|Any CPU.Build.0 = Release|Any CPU
		{EE644A4C-8C7C-49BA-BAD9-016CDAB36C40}.AppStore|ARM.ActiveCfg = Release|Any CPU
		{EE644A4C-8C7C-49BA-BAD9-016CDAB36C40}.AppStore|iPhone.ActiveCfg = Release|Any CPU
		{EE644A4C-8C7C-49BA-BAD9-016CDAB36C40}.AppStore|iPhoneSimulator.ActiveCfg = Release|Any CPU
		{EE644A4C-8C7C-49BA-BAD9-016CDAB36C40}.AppStore|Mixed Platforms.ActiveCfg = Release|Any CPU
		{EE644A4C-8C7C-49BA-BAD9-016CDAB36C40}.AppStore|Mixed Platforms.Build.0 = Release|Any CPU
		{EE644A4C-8C7C-49BA-BAD9-016CDAB36C40}.AppStore|x64.ActiveCfg = Debug|Any CPU
		{EE644A4C-8C7C-49BA-BAD9-016CDAB36C40}.AppStore|x86.ActiveCfg = Release|Any CPU
		{EE644A4C-8C7C-49BA-BAD9-016CDAB36C40}.Debug|Any CPU.ActiveCfg = Debug|Any CPU
		{EE644A4C-8C7C-49BA-BAD9-016CDAB36C40}.Debug|Any CPU.Build.0 = Debug|Any CPU
		{EE644A4C-8C7C-49BA-BAD9-016CDAB36C40}.Debug|ARM.ActiveCfg = Debug|Any CPU
		{EE644A4C-8C7C-49BA-BAD9-016CDAB36C40}.Debug|ARM.Build.0 = Debug|Any CPU
		{EE644A4C-8C7C-49BA-BAD9-016CDAB36C40}.Debug|iPhone.ActiveCfg = Debug|Any CPU
		{EE644A4C-8C7C-49BA-BAD9-016CDAB36C40}.Debug|iPhoneSimulator.ActiveCfg = Debug|Any CPU
		{EE644A4C-8C7C-49BA-BAD9-016CDAB36C40}.Debug|Mixed Platforms.ActiveCfg = Debug|Any CPU
		{EE644A4C-8C7C-49BA-BAD9-016CDAB36C40}.Debug|Mixed Platforms.Build.0 = Debug|Any CPU
		{EE644A4C-8C7C-49BA-BAD9-016CDAB36C40}.Debug|x64.ActiveCfg = Debug|Any CPU
		{EE644A4C-8C7C-49BA-BAD9-016CDAB36C40}.Debug|x86.ActiveCfg = Debug|Any CPU
		{EE644A4C-8C7C-49BA-BAD9-016CDAB36C40}.Release|Any CPU.ActiveCfg = Release|Any CPU
		{EE644A4C-8C7C-49BA-BAD9-016CDAB36C40}.Release|Any CPU.Build.0 = Release|Any CPU
		{EE644A4C-8C7C-49BA-BAD9-016CDAB36C40}.Release|ARM.ActiveCfg = Release|Any CPU
		{EE644A4C-8C7C-49BA-BAD9-016CDAB36C40}.Release|iPhone.ActiveCfg = Release|Any CPU
		{EE644A4C-8C7C-49BA-BAD9-016CDAB36C40}.Release|iPhoneSimulator.ActiveCfg = Release|Any CPU
		{EE644A4C-8C7C-49BA-BAD9-016CDAB36C40}.Release|Mixed Platforms.ActiveCfg = Release|Any CPU
		{EE644A4C-8C7C-49BA-BAD9-016CDAB36C40}.Release|Mixed Platforms.Build.0 = Release|Any CPU
		{EE644A4C-8C7C-49BA-BAD9-016CDAB36C40}.Release|x64.ActiveCfg = Release|Any CPU
		{EE644A4C-8C7C-49BA-BAD9-016CDAB36C40}.Release|x86.ActiveCfg = Release|Any CPU
		{6D38A8AF-9A22-435A-A72E-E26CCB0532AB}.Ad-Hoc|Any CPU.ActiveCfg = Ad-Hoc|iPhone
		{6D38A8AF-9A22-435A-A72E-E26CCB0532AB}.Ad-Hoc|ARM.ActiveCfg = Ad-Hoc|iPhone
		{6D38A8AF-9A22-435A-A72E-E26CCB0532AB}.Ad-Hoc|iPhone.ActiveCfg = Ad-Hoc|iPhone
		{6D38A8AF-9A22-435A-A72E-E26CCB0532AB}.Ad-Hoc|iPhone.Build.0 = Ad-Hoc|iPhone
		{6D38A8AF-9A22-435A-A72E-E26CCB0532AB}.Ad-Hoc|iPhoneSimulator.ActiveCfg = Ad-Hoc|iPhoneSimulator
		{6D38A8AF-9A22-435A-A72E-E26CCB0532AB}.Ad-Hoc|iPhoneSimulator.Build.0 = Ad-Hoc|iPhoneSimulator
		{6D38A8AF-9A22-435A-A72E-E26CCB0532AB}.Ad-Hoc|Mixed Platforms.ActiveCfg = Ad-Hoc|iPhone
		{6D38A8AF-9A22-435A-A72E-E26CCB0532AB}.Ad-Hoc|Mixed Platforms.Build.0 = Ad-Hoc|iPhone
		{6D38A8AF-9A22-435A-A72E-E26CCB0532AB}.Ad-Hoc|x64.ActiveCfg = Ad-Hoc|iPhoneSimulator
		{6D38A8AF-9A22-435A-A72E-E26CCB0532AB}.Ad-Hoc|x86.ActiveCfg = Ad-Hoc|iPhone
		{6D38A8AF-9A22-435A-A72E-E26CCB0532AB}.AppStore|Any CPU.ActiveCfg = AppStore|iPhone
		{6D38A8AF-9A22-435A-A72E-E26CCB0532AB}.AppStore|ARM.ActiveCfg = AppStore|iPhone
		{6D38A8AF-9A22-435A-A72E-E26CCB0532AB}.AppStore|iPhone.ActiveCfg = AppStore|iPhone
		{6D38A8AF-9A22-435A-A72E-E26CCB0532AB}.AppStore|iPhone.Build.0 = AppStore|iPhone
		{6D38A8AF-9A22-435A-A72E-E26CCB0532AB}.AppStore|iPhoneSimulator.ActiveCfg = AppStore|iPhoneSimulator
		{6D38A8AF-9A22-435A-A72E-E26CCB0532AB}.AppStore|iPhoneSimulator.Build.0 = AppStore|iPhoneSimulator
		{6D38A8AF-9A22-435A-A72E-E26CCB0532AB}.AppStore|Mixed Platforms.ActiveCfg = AppStore|iPhone
		{6D38A8AF-9A22-435A-A72E-E26CCB0532AB}.AppStore|Mixed Platforms.Build.0 = AppStore|iPhone
		{6D38A8AF-9A22-435A-A72E-E26CCB0532AB}.AppStore|x64.ActiveCfg = AppStore|iPhoneSimulator
		{6D38A8AF-9A22-435A-A72E-E26CCB0532AB}.AppStore|x86.ActiveCfg = AppStore|iPhone
		{6D38A8AF-9A22-435A-A72E-E26CCB0532AB}.Debug|Any CPU.ActiveCfg = Debug|iPhone
		{6D38A8AF-9A22-435A-A72E-E26CCB0532AB}.Debug|ARM.ActiveCfg = Debug|iPhone
		{6D38A8AF-9A22-435A-A72E-E26CCB0532AB}.Debug|ARM.Build.0 = Debug|iPhone
		{6D38A8AF-9A22-435A-A72E-E26CCB0532AB}.Debug|iPhone.ActiveCfg = Debug|iPhone
		{6D38A8AF-9A22-435A-A72E-E26CCB0532AB}.Debug|iPhone.Build.0 = Debug|iPhone
		{6D38A8AF-9A22-435A-A72E-E26CCB0532AB}.Debug|iPhoneSimulator.ActiveCfg = Debug|iPhoneSimulator
		{6D38A8AF-9A22-435A-A72E-E26CCB0532AB}.Debug|iPhoneSimulator.Build.0 = Debug|iPhoneSimulator
		{6D38A8AF-9A22-435A-A72E-E26CCB0532AB}.Debug|Mixed Platforms.ActiveCfg = Debug|iPhone
		{6D38A8AF-9A22-435A-A72E-E26CCB0532AB}.Debug|Mixed Platforms.Build.0 = Debug|iPhone
		{6D38A8AF-9A22-435A-A72E-E26CCB0532AB}.Debug|x64.ActiveCfg = Debug|iPhoneSimulator
		{6D38A8AF-9A22-435A-A72E-E26CCB0532AB}.Debug|x86.ActiveCfg = Debug|iPhone
		{6D38A8AF-9A22-435A-A72E-E26CCB0532AB}.Release|Any CPU.ActiveCfg = Release|iPhone
		{6D38A8AF-9A22-435A-A72E-E26CCB0532AB}.Release|ARM.ActiveCfg = Release|iPhone
		{6D38A8AF-9A22-435A-A72E-E26CCB0532AB}.Release|iPhone.ActiveCfg = Release|iPhone
		{6D38A8AF-9A22-435A-A72E-E26CCB0532AB}.Release|iPhone.Build.0 = Release|iPhone
		{6D38A8AF-9A22-435A-A72E-E26CCB0532AB}.Release|iPhoneSimulator.ActiveCfg = Release|iPhoneSimulator
		{6D38A8AF-9A22-435A-A72E-E26CCB0532AB}.Release|iPhoneSimulator.Build.0 = Release|iPhoneSimulator
		{6D38A8AF-9A22-435A-A72E-E26CCB0532AB}.Release|Mixed Platforms.ActiveCfg = Release|iPhone
		{6D38A8AF-9A22-435A-A72E-E26CCB0532AB}.Release|Mixed Platforms.Build.0 = Release|iPhone
		{6D38A8AF-9A22-435A-A72E-E26CCB0532AB}.Release|x64.ActiveCfg = Release|iPhoneSimulator
		{6D38A8AF-9A22-435A-A72E-E26CCB0532AB}.Release|x86.ActiveCfg = Release|iPhone
		{478C5A42-ACAD-4C5A-8E44-A1BF94E7A844}.Ad-Hoc|Any CPU.ActiveCfg = Release|Any CPU
		{478C5A42-ACAD-4C5A-8E44-A1BF94E7A844}.Ad-Hoc|Any CPU.Build.0 = Release|Any CPU
		{478C5A42-ACAD-4C5A-8E44-A1BF94E7A844}.Ad-Hoc|Any CPU.Deploy.0 = Release|Any CPU
		{478C5A42-ACAD-4C5A-8E44-A1BF94E7A844}.Ad-Hoc|ARM.ActiveCfg = Release|Any CPU
		{478C5A42-ACAD-4C5A-8E44-A1BF94E7A844}.Ad-Hoc|iPhone.ActiveCfg = Release|Any CPU
		{478C5A42-ACAD-4C5A-8E44-A1BF94E7A844}.Ad-Hoc|iPhoneSimulator.ActiveCfg = Release|Any CPU
		{478C5A42-ACAD-4C5A-8E44-A1BF94E7A844}.Ad-Hoc|Mixed Platforms.ActiveCfg = Release|Any CPU
		{478C5A42-ACAD-4C5A-8E44-A1BF94E7A844}.Ad-Hoc|Mixed Platforms.Build.0 = Release|Any CPU
		{478C5A42-ACAD-4C5A-8E44-A1BF94E7A844}.Ad-Hoc|Mixed Platforms.Deploy.0 = Release|Any CPU
		{478C5A42-ACAD-4C5A-8E44-A1BF94E7A844}.Ad-Hoc|x64.ActiveCfg = Release|x64
		{478C5A42-ACAD-4C5A-8E44-A1BF94E7A844}.Ad-Hoc|x64.Build.0 = Release|x64
		{478C5A42-ACAD-4C5A-8E44-A1BF94E7A844}.Ad-Hoc|x64.Deploy.0 = Release|x64
		{478C5A42-ACAD-4C5A-8E44-A1BF94E7A844}.Ad-Hoc|x86.ActiveCfg = Release|Any CPU
		{478C5A42-ACAD-4C5A-8E44-A1BF94E7A844}.AppStore|Any CPU.ActiveCfg = Release|Any CPU
		{478C5A42-ACAD-4C5A-8E44-A1BF94E7A844}.AppStore|Any CPU.Build.0 = Release|Any CPU
		{478C5A42-ACAD-4C5A-8E44-A1BF94E7A844}.AppStore|Any CPU.Deploy.0 = Release|Any CPU
		{478C5A42-ACAD-4C5A-8E44-A1BF94E7A844}.AppStore|ARM.ActiveCfg = Release|Any CPU
		{478C5A42-ACAD-4C5A-8E44-A1BF94E7A844}.AppStore|iPhone.ActiveCfg = Release|Any CPU
		{478C5A42-ACAD-4C5A-8E44-A1BF94E7A844}.AppStore|iPhoneSimulator.ActiveCfg = Release|Any CPU
		{478C5A42-ACAD-4C5A-8E44-A1BF94E7A844}.AppStore|Mixed Platforms.ActiveCfg = Release|Any CPU
		{478C5A42-ACAD-4C5A-8E44-A1BF94E7A844}.AppStore|Mixed Platforms.Build.0 = Release|Any CPU
		{478C5A42-ACAD-4C5A-8E44-A1BF94E7A844}.AppStore|Mixed Platforms.Deploy.0 = Release|Any CPU
		{478C5A42-ACAD-4C5A-8E44-A1BF94E7A844}.AppStore|x64.ActiveCfg = Release|x64
		{478C5A42-ACAD-4C5A-8E44-A1BF94E7A844}.AppStore|x64.Build.0 = Release|x64
		{478C5A42-ACAD-4C5A-8E44-A1BF94E7A844}.AppStore|x64.Deploy.0 = Release|x64
		{478C5A42-ACAD-4C5A-8E44-A1BF94E7A844}.AppStore|x86.ActiveCfg = Release|Any CPU
		{478C5A42-ACAD-4C5A-8E44-A1BF94E7A844}.Debug|Any CPU.ActiveCfg = Debug|Any CPU
		{478C5A42-ACAD-4C5A-8E44-A1BF94E7A844}.Debug|Any CPU.Build.0 = Debug|Any CPU
		{478C5A42-ACAD-4C5A-8E44-A1BF94E7A844}.Debug|Any CPU.Deploy.0 = Debug|Any CPU
		{478C5A42-ACAD-4C5A-8E44-A1BF94E7A844}.Debug|ARM.ActiveCfg = Debug|Any CPU
		{478C5A42-ACAD-4C5A-8E44-A1BF94E7A844}.Debug|ARM.Build.0 = Debug|Any CPU
		{478C5A42-ACAD-4C5A-8E44-A1BF94E7A844}.Debug|ARM.Deploy.0 = Debug|Any CPU
		{478C5A42-ACAD-4C5A-8E44-A1BF94E7A844}.Debug|iPhone.ActiveCfg = Debug|Any CPU
		{478C5A42-ACAD-4C5A-8E44-A1BF94E7A844}.Debug|iPhoneSimulator.ActiveCfg = Debug|Any CPU
		{478C5A42-ACAD-4C5A-8E44-A1BF94E7A844}.Debug|Mixed Platforms.ActiveCfg = Debug|Any CPU
		{478C5A42-ACAD-4C5A-8E44-A1BF94E7A844}.Debug|Mixed Platforms.Build.0 = Debug|Any CPU
		{478C5A42-ACAD-4C5A-8E44-A1BF94E7A844}.Debug|Mixed Platforms.Deploy.0 = Debug|Any CPU
		{478C5A42-ACAD-4C5A-8E44-A1BF94E7A844}.Debug|x64.ActiveCfg = Debug|x64
		{478C5A42-ACAD-4C5A-8E44-A1BF94E7A844}.Debug|x64.Build.0 = Debug|x64
		{478C5A42-ACAD-4C5A-8E44-A1BF94E7A844}.Debug|x64.Deploy.0 = Debug|x64
		{478C5A42-ACAD-4C5A-8E44-A1BF94E7A844}.Debug|x86.ActiveCfg = Debug|Any CPU
		{478C5A42-ACAD-4C5A-8E44-A1BF94E7A844}.Release|Any CPU.ActiveCfg = Release|Any CPU
		{478C5A42-ACAD-4C5A-8E44-A1BF94E7A844}.Release|Any CPU.Build.0 = Release|Any CPU
		{478C5A42-ACAD-4C5A-8E44-A1BF94E7A844}.Release|Any CPU.Deploy.0 = Release|Any CPU
		{478C5A42-ACAD-4C5A-8E44-A1BF94E7A844}.Release|ARM.ActiveCfg = Release|Any CPU
		{478C5A42-ACAD-4C5A-8E44-A1BF94E7A844}.Release|iPhone.ActiveCfg = Release|Any CPU
		{478C5A42-ACAD-4C5A-8E44-A1BF94E7A844}.Release|iPhoneSimulator.ActiveCfg = Release|Any CPU
		{478C5A42-ACAD-4C5A-8E44-A1BF94E7A844}.Release|Mixed Platforms.ActiveCfg = Release|Any CPU
		{478C5A42-ACAD-4C5A-8E44-A1BF94E7A844}.Release|Mixed Platforms.Build.0 = Release|Any CPU
		{478C5A42-ACAD-4C5A-8E44-A1BF94E7A844}.Release|Mixed Platforms.Deploy.0 = Release|Any CPU
		{478C5A42-ACAD-4C5A-8E44-A1BF94E7A844}.Release|x64.ActiveCfg = Release|x64
		{478C5A42-ACAD-4C5A-8E44-A1BF94E7A844}.Release|x64.Build.0 = Release|x64
		{478C5A42-ACAD-4C5A-8E44-A1BF94E7A844}.Release|x64.Deploy.0 = Release|x64
		{478C5A42-ACAD-4C5A-8E44-A1BF94E7A844}.Release|x86.ActiveCfg = Release|Any CPU
		{E1812E06-34F5-488A-AB80-D0B59119FED8}.Ad-Hoc|Any CPU.ActiveCfg = Release|Any CPU
		{E1812E06-34F5-488A-AB80-D0B59119FED8}.Ad-Hoc|Any CPU.Build.0 = Release|Any CPU
		{E1812E06-34F5-488A-AB80-D0B59119FED8}.Ad-Hoc|Any CPU.Deploy.0 = Release|Any CPU
		{E1812E06-34F5-488A-AB80-D0B59119FED8}.Ad-Hoc|ARM.ActiveCfg = Release|ARM
		{E1812E06-34F5-488A-AB80-D0B59119FED8}.Ad-Hoc|ARM.Build.0 = Release|ARM
		{E1812E06-34F5-488A-AB80-D0B59119FED8}.Ad-Hoc|ARM.Deploy.0 = Release|ARM
		{E1812E06-34F5-488A-AB80-D0B59119FED8}.Ad-Hoc|iPhone.ActiveCfg = Release|Any CPU
		{E1812E06-34F5-488A-AB80-D0B59119FED8}.Ad-Hoc|iPhoneSimulator.ActiveCfg = Release|Any CPU
		{E1812E06-34F5-488A-AB80-D0B59119FED8}.Ad-Hoc|Mixed Platforms.ActiveCfg = Release|x86
		{E1812E06-34F5-488A-AB80-D0B59119FED8}.Ad-Hoc|Mixed Platforms.Build.0 = Release|x86
		{E1812E06-34F5-488A-AB80-D0B59119FED8}.Ad-Hoc|Mixed Platforms.Deploy.0 = Release|x86
		{E1812E06-34F5-488A-AB80-D0B59119FED8}.Ad-Hoc|x64.ActiveCfg = Debug|Any CPU
		{E1812E06-34F5-488A-AB80-D0B59119FED8}.Ad-Hoc|x86.ActiveCfg = Release|x86
		{E1812E06-34F5-488A-AB80-D0B59119FED8}.Ad-Hoc|x86.Build.0 = Release|x86
		{E1812E06-34F5-488A-AB80-D0B59119FED8}.Ad-Hoc|x86.Deploy.0 = Release|x86
		{E1812E06-34F5-488A-AB80-D0B59119FED8}.AppStore|Any CPU.ActiveCfg = Release|Any CPU
		{E1812E06-34F5-488A-AB80-D0B59119FED8}.AppStore|Any CPU.Build.0 = Release|Any CPU
		{E1812E06-34F5-488A-AB80-D0B59119FED8}.AppStore|Any CPU.Deploy.0 = Release|Any CPU
		{E1812E06-34F5-488A-AB80-D0B59119FED8}.AppStore|ARM.ActiveCfg = Release|ARM
		{E1812E06-34F5-488A-AB80-D0B59119FED8}.AppStore|ARM.Build.0 = Release|ARM
		{E1812E06-34F5-488A-AB80-D0B59119FED8}.AppStore|ARM.Deploy.0 = Release|ARM
		{E1812E06-34F5-488A-AB80-D0B59119FED8}.AppStore|iPhone.ActiveCfg = Release|Any CPU
		{E1812E06-34F5-488A-AB80-D0B59119FED8}.AppStore|iPhoneSimulator.ActiveCfg = Release|Any CPU
		{E1812E06-34F5-488A-AB80-D0B59119FED8}.AppStore|Mixed Platforms.ActiveCfg = Release|x86
		{E1812E06-34F5-488A-AB80-D0B59119FED8}.AppStore|Mixed Platforms.Build.0 = Release|x86
		{E1812E06-34F5-488A-AB80-D0B59119FED8}.AppStore|Mixed Platforms.Deploy.0 = Release|x86
		{E1812E06-34F5-488A-AB80-D0B59119FED8}.AppStore|x64.ActiveCfg = Debug|Any CPU
		{E1812E06-34F5-488A-AB80-D0B59119FED8}.AppStore|x86.ActiveCfg = Release|x86
		{E1812E06-34F5-488A-AB80-D0B59119FED8}.AppStore|x86.Build.0 = Release|x86
		{E1812E06-34F5-488A-AB80-D0B59119FED8}.AppStore|x86.Deploy.0 = Release|x86
		{E1812E06-34F5-488A-AB80-D0B59119FED8}.Debug|Any CPU.ActiveCfg = Debug|Any CPU
		{E1812E06-34F5-488A-AB80-D0B59119FED8}.Debug|Any CPU.Build.0 = Debug|Any CPU
		{E1812E06-34F5-488A-AB80-D0B59119FED8}.Debug|Any CPU.Deploy.0 = Debug|Any CPU
		{E1812E06-34F5-488A-AB80-D0B59119FED8}.Debug|ARM.ActiveCfg = Debug|ARM
		{E1812E06-34F5-488A-AB80-D0B59119FED8}.Debug|ARM.Build.0 = Debug|ARM
		{E1812E06-34F5-488A-AB80-D0B59119FED8}.Debug|ARM.Deploy.0 = Debug|ARM
		{E1812E06-34F5-488A-AB80-D0B59119FED8}.Debug|iPhone.ActiveCfg = Debug|Any CPU
		{E1812E06-34F5-488A-AB80-D0B59119FED8}.Debug|iPhoneSimulator.ActiveCfg = Debug|Any CPU
		{E1812E06-34F5-488A-AB80-D0B59119FED8}.Debug|Mixed Platforms.ActiveCfg = Debug|x86
		{E1812E06-34F5-488A-AB80-D0B59119FED8}.Debug|Mixed Platforms.Build.0 = Debug|x86
		{E1812E06-34F5-488A-AB80-D0B59119FED8}.Debug|Mixed Platforms.Deploy.0 = Debug|x86
		{E1812E06-34F5-488A-AB80-D0B59119FED8}.Debug|x64.ActiveCfg = Debug|Any CPU
		{E1812E06-34F5-488A-AB80-D0B59119FED8}.Debug|x86.ActiveCfg = Debug|x86
		{E1812E06-34F5-488A-AB80-D0B59119FED8}.Debug|x86.Build.0 = Debug|x86
		{E1812E06-34F5-488A-AB80-D0B59119FED8}.Debug|x86.Deploy.0 = Debug|x86
		{E1812E06-34F5-488A-AB80-D0B59119FED8}.Release|Any CPU.ActiveCfg = Release|Any CPU
		{E1812E06-34F5-488A-AB80-D0B59119FED8}.Release|Any CPU.Build.0 = Release|Any CPU
		{E1812E06-34F5-488A-AB80-D0B59119FED8}.Release|Any CPU.Deploy.0 = Release|Any CPU
		{E1812E06-34F5-488A-AB80-D0B59119FED8}.Release|ARM.ActiveCfg = Release|ARM
		{E1812E06-34F5-488A-AB80-D0B59119FED8}.Release|ARM.Build.0 = Release|ARM
		{E1812E06-34F5-488A-AB80-D0B59119FED8}.Release|ARM.Deploy.0 = Release|ARM
		{E1812E06-34F5-488A-AB80-D0B59119FED8}.Release|iPhone.ActiveCfg = Release|Any CPU
		{E1812E06-34F5-488A-AB80-D0B59119FED8}.Release|iPhoneSimulator.ActiveCfg = Release|Any CPU
		{E1812E06-34F5-488A-AB80-D0B59119FED8}.Release|Mixed Platforms.ActiveCfg = Release|x86
		{E1812E06-34F5-488A-AB80-D0B59119FED8}.Release|Mixed Platforms.Build.0 = Release|x86
		{E1812E06-34F5-488A-AB80-D0B59119FED8}.Release|Mixed Platforms.Deploy.0 = Release|x86
		{E1812E06-34F5-488A-AB80-D0B59119FED8}.Release|x64.ActiveCfg = Release|Any CPU
		{E1812E06-34F5-488A-AB80-D0B59119FED8}.Release|x86.ActiveCfg = Release|x86
		{E1812E06-34F5-488A-AB80-D0B59119FED8}.Release|x86.Build.0 = Release|x86
		{E1812E06-34F5-488A-AB80-D0B59119FED8}.Release|x86.Deploy.0 = Release|x86
	EndGlobalSection
	GlobalSection(SolutionProperties) = preSolution
		HideSolutionNode = FALSE
	EndGlobalSection
EndGlobal
